// !$*UTF8*$!
{
	archiveVersion = 1;
	classes = {
	};
	objectVersion = 77;
	objects = {

/* Begin PBXContainerItemProxy section */
		72229DB62D5576BB00395920 /* PBXContainerItemProxy */ = {
			isa = PBXContainerItemProxy;
			containerPortal = 72229D9D2D5576B900395920 /* Project object */;
			proxyType = 1;
			remoteGlobalIDString = 72229DA42D5576B900395920;
			remoteInfo = 6FebSwiftUI;
		};
		72229DC02D5576BB00395920 /* PBXContainerItemProxy */ = {
			isa = PBXContainerItemProxy;
			containerPortal = 72229D9D2D5576B900395920 /* Project object */;
			proxyType = 1;
			remoteGlobalIDString = 72229DA42D5576B900395920;
			remoteInfo = 6FebSwiftUI;
		};
/* End PBXContainerItemProxy section */

/* Begin PBXFileReference section */
		72229DA52D5576B900395920 /* 6FebSwiftUI.app */ = {isa = PBXFileReference; explicitFileType = wrapper.application; includeInIndex = 0; path = 6FebSwiftUI.app; sourceTree = BUILT_PRODUCTS_DIR; };
		72229DB52D5576BB00395920 /* 6FebSwiftUITests.xctest */ = {isa = PBXFileReference; explicitFileType = wrapper.cfbundle; includeInIndex = 0; path = 6FebSwiftUITests.xctest; sourceTree = BUILT_PRODUCTS_DIR; };
		72229DBF2D5576BB00395920 /* 6FebSwiftUIUITests.xctest */ = {isa = PBXFileReference; explicitFileType = wrapper.cfbundle; includeInIndex = 0; path = 6FebSwiftUIUITests.xctest; sourceTree = BUILT_PRODUCTS_DIR; };
/* End PBXFileReference section */

/* Begin PBXFileSystemSynchronizedRootGroup section */
		72229DA72D5576B900395920 /* 6FebSwiftUI */ = {
			isa = PBXFileSystemSynchronizedRootGroup;
			path = 6FebSwiftUI;
			sourceTree = "<group>";
		};
		72229DB82D5576BB00395920 /* 6FebSwiftUITests */ = {
			isa = PBXFileSystemSynchronizedRootGroup;
			path = 6FebSwiftUITests;
			sourceTree = "<group>";
		};
		72229DC22D5576BB00395920 /* 6FebSwiftUIUITests */ = {
			isa = PBXFileSystemSynchronizedRootGroup;
			path = 6FebSwiftUIUITests;
			sourceTree = "<group>";
		};
/* End PBXFileSystemSynchronizedRootGroup section */

/* Begin PBXFrameworksBuildPhase section */
		72229DA22D5576B900395920 /* Frameworks */ = {
			isa = PBXFrameworksBuildPhase;
			buildActionMask = 2147483647;
			files = (
			);
			runOnlyForDeploymentPostprocessing = 0;
		};
		72229DB22D5576BB00395920 /* Frameworks */ = {
			isa = PBXFrameworksBuildPhase;
			buildActionMask = 2147483647;
			files = (
			);
			runOnlyForDeploymentPostprocessing = 0;
		};
		72229DBC2D5576BB00395920 /* Frameworks */ = {
			isa = PBXFrameworksBuildPhase;
			buildActionMask = 2147483647;
			files = (
			);
			runOnlyForDeploymentPostprocessing = 0;
		};
/* End PBXFrameworksBuildPhase section */

/* Begin PBXGroup section */
		72229D9C2D5576B900395920 = {
			isa = PBXGroup;
			children = (
				72229DA72D5576B900395920 /* 6FebSwiftUI */,
				72229DB82D5576BB00395920 /* 6FebSwiftUITests */,
				72229DC22D5576BB00395920 /* 6FebSwiftUIUITests */,
				72229DA62D5576B900395920 /* Products */,
			);
			sourceTree = "<group>";
		};
		72229DA62D5576B900395920 /* Products */ = {
			isa = PBXGroup;
			children = (
				72229DA52D5576B900395920 /* 6FebSwiftUI.app */,
				72229DB52D5576BB00395920 /* 6FebSwiftUITests.xctest */,
				72229DBF2D5576BB00395920 /* 6FebSwiftUIUITests.xctest */,
			);
			name = Products;
			sourceTree = "<group>";
		};
/* End PBXGroup section */

/* Begin PBXNativeTarget section */
		72229DA42D5576B900395920 /* 6FebSwiftUI */ = {
			isa = PBXNativeTarget;
			buildConfigurationList = 72229DC92D5576BC00395920 /* Build configuration list for PBXNativeTarget "6FebSwiftUI" */;
			buildPhases = (
				72229DA12D5576B900395920 /* Sources */,
				72229DA22D5576B900395920 /* Frameworks */,
				72229DA32D5576B900395920 /* Resources */,
			);
			buildRules = (
			);
			dependencies = (
			);
			fileSystemSynchronizedGroups = (
				72229DA72D5576B900395920 /* 6FebSwiftUI */,
			);
			name = 6FebSwiftUI;
			packageProductDependencies = (
			);
			productName = 6FebSwiftUI;
			productReference = 72229DA52D5576B900395920 /* 6FebSwiftUI.app */;
			productType = "com.apple.product-type.application";
		};
		72229DB42D5576BB00395920 /* 6FebSwiftUITests */ = {
			isa = PBXNativeTarget;
			buildConfigurationList = 72229DCC2D5576BC00395920 /* Build configuration list for PBXNativeTarget "6FebSwiftUITests" */;
			buildPhases = (
				72229DB12D5576BB00395920 /* Sources */,
				72229DB22D5576BB00395920 /* Frameworks */,
				72229DB32D5576BB00395920 /* Resources */,
			);
			buildRules = (
			);
			dependencies = (
				72229DB72D5576BB00395920 /* PBXTargetDependency */,
			);
			fileSystemSynchronizedGroups = (
				72229DB82D5576BB00395920 /* 6FebSwiftUITests */,
			);
			name = 6FebSwiftUITests;
			packageProductDependencies = (
			);
			productName = 6FebSwiftUITests;
			productReference = 72229DB52D5576BB00395920 /* 6FebSwiftUITests.xctest */;
			productType = "com.apple.product-type.bundle.unit-test";
		};
		72229DBE2D5576BB00395920 /* 6FebSwiftUIUITests */ = {
			isa = PBXNativeTarget;
			buildConfigurationList = 72229DCF2D5576BC00395920 /* Build configuration list for PBXNativeTarget "6FebSwiftUIUITests" */;
			buildPhases = (
				72229DBB2D5576BB00395920 /* Sources */,
				72229DBC2D5576BB00395920 /* Frameworks */,
				72229DBD2D5576BB00395920 /* Resources */,
			);
			buildRules = (
			);
			dependencies = (
				72229DC12D5576BB00395920 /* PBXTargetDependency */,
			);
			fileSystemSynchronizedGroups = (
				72229DC22D5576BB00395920 /* 6FebSwiftUIUITests */,
			);
			name = 6FebSwiftUIUITests;
			packageProductDependencies = (
			);
			productName = 6FebSwiftUIUITests;
			productReference = 72229DBF2D5576BB00395920 /* 6FebSwiftUIUITests.xctest */;
			productType = "com.apple.product-type.bundle.ui-testing";
		};
/* End PBXNativeTarget section */

/* Begin PBXProject section */
		72229D9D2D5576B900395920 /* Project object */ = {
			isa = PBXProject;
			attributes = {
				BuildIndependentTargetsInParallel = 1;
				LastSwiftUpdateCheck = 1620;
				LastUpgradeCheck = 1620;
				TargetAttributes = {
					72229DA42D5576B900395920 = {
						CreatedOnToolsVersion = 16.2;
					};
					72229DB42D5576BB00395920 = {
						CreatedOnToolsVersion = 16.2;
						TestTargetID = 72229DA42D5576B900395920;
					};
					72229DBE2D5576BB00395920 = {
						CreatedOnToolsVersion = 16.2;
						TestTargetID = 72229DA42D5576B900395920;
					};
				};
			};
			buildConfigurationList = 72229DA02D5576B900395920 /* Build configuration list for PBXProject "6FebSwiftUI" */;
			developmentRegion = en;
			hasScannedForEncodings = 0;
			knownRegions = (
				en,
				Base,
			);
			mainGroup = 72229D9C2D5576B900395920;
			minimizedProjectReferenceProxies = 1;
			preferredProjectObjectVersion = 77;
			productRefGroup = 72229DA62D5576B900395920 /* Products */;
			projectDirPath = "";
			projectRoot = "";
			targets = (
				72229DA42D5576B900395920 /* 6FebSwiftUI */,
				72229DB42D5576BB00395920 /* 6FebSwiftUITests */,
				72229DBE2D5576BB00395920 /* 6FebSwiftUIUITests */,
			);
		};
/* End PBXProject section */

/* Begin PBXResourcesBuildPhase section */
		72229DA32D5576B900395920 /* Resources */ = {
			isa = PBXResourcesBuildPhase;
			buildActionMask = 2147483647;
			files = (
			);
			runOnlyForDeploymentPostprocessing = 0;
		};
		72229DB32D5576BB00395920 /* Resources */ = {
			isa = PBXResourcesBuildPhase;
			buildActionMask = 2147483647;
			files = (
			);
			runOnlyForDeploymentPostprocessing = 0;
		};
		72229DBD2D5576BB00395920 /* Resources */ = {
			isa = PBXResourcesBuildPhase;
			buildActionMask = 2147483647;
			files = (
			);
			runOnlyForDeploymentPostprocessing = 0;
		};
/* End PBXResourcesBuildPhase section */

/* Begin PBXSourcesBuildPhase section */
		72229DA12D5576B900395920 /* Sources */ = {
			isa = PBXSourcesBuildPhase;
			buildActionMask = 2147483647;
			files = (
			);
			runOnlyForDeploymentPostprocessing = 0;
		};
		72229DB12D5576BB00395920 /* Sources */ = {
			isa = PBXSourcesBuildPhase;
			buildActionMask = 2147483647;
			files = (
			);
			runOnlyForDeploymentPostprocessing = 0;
		};
		72229DBB2D5576BB00395920 /* Sources */ = {
			isa = PBXSourcesBuildPhase;
			buildActionMask = 2147483647;
			files = (
			);
			runOnlyForDeploymentPostprocessing = 0;
		};
/* End PBXSourcesBuildPhase section */

/* Begin PBXTargetDependency section */
		72229DB72D5576BB00395920 /* PBXTargetDependency */ = {
			isa = PBXTargetDependency;
			target = 72229DA42D5576B900395920 /* 6FebSwiftUI */;
			targetProxy = 72229DB62D5576BB00395920 /* PBXContainerItemProxy */;
		};
		72229DC12D5576BB00395920 /* PBXTargetDependency */ = {
			isa = PBXTargetDependency;
			target = 72229DA42D5576B900395920 /* 6FebSwiftUI */;
			targetProxy = 72229DC02D5576BB00395920 /* PBXContainerItemProxy */;
		};
/* End PBXTargetDependency section */

/* Begin XCBuildConfiguration section */
		72229DC72D5576BC00395920 /* Debug */ = {
			isa = XCBuildConfiguration;
			buildSettings = {
				ALWAYS_SEARCH_USER_PATHS = NO;
				ASSETCATALOG_COMPILER_GENERATE_SWIFT_ASSET_SYMBOL_EXTENSIONS = YES;
				CLANG_ANALYZER_NONNULL = YES;
				CLANG_ANALYZER_NUMBER_OBJECT_CONVERSION = YES_AGGRESSIVE;
				CLANG_CXX_LANGUAGE_STANDARD = "gnu++20";
				CLANG_ENABLE_MODULES = YES;
				CLANG_ENABLE_OBJC_ARC = YES;
				CLANG_ENABLE_OBJC_WEAK = YES;
				CLANG_WARN_BLOCK_CAPTURE_AUTORELEASING = YES;
				CLANG_WARN_BOOL_CONVERSION = YES;
				CLANG_WARN_COMMA = YES;
				CLANG_WARN_CONSTANT_CONVERSION = YES;
				CLANG_WARN_DEPRECATED_OBJC_IMPLEMENTATIONS = YES;
				CLANG_WARN_DIRECT_OBJC_ISA_USAGE = YES_ERROR;
				CLANG_WARN_DOCUMENTATION_COMMENTS = YES;
				CLANG_WARN_EMPTY_BODY = YES;
				CLANG_WARN_ENUM_CONVERSION = YES;
				CLANG_WARN_INFINITE_RECURSION = YES;
				CLANG_WARN_INT_CONVERSION = YES;
				CLANG_WARN_NON_LITERAL_NULL_CONVERSION = YES;
				CLANG_WARN_OBJC_IMPLICIT_RETAIN_SELF = YES;
				CLANG_WARN_OBJC_LITERAL_CONVERSION = YES;
				CLANG_WARN_OBJC_ROOT_CLASS = YES_ERROR;
				CLANG_WARN_QUOTED_INCLUDE_IN_FRAMEWORK_HEADER = YES;
				CLANG_WARN_RANGE_LOOP_ANALYSIS = YES;
				CLANG_WARN_STRICT_PROTOTYPES = YES;
				CLANG_WARN_SUSPICIOUS_MOVE = YES;
				CLANG_WARN_UNGUARDED_AVAILABILITY = YES_AGGRESSIVE;
				CLANG_WARN_UNREACHABLE_CODE = YES;
				CLANG_WARN__DUPLICATE_METHOD_MATCH = YES;
				COPY_PHASE_STRIP = NO;
				DEBUG_INFORMATION_FORMAT = dwarf;
				ENABLE_STRICT_OBJC_MSGSEND = YES;
				ENABLE_TESTABILITY = YES;
				ENABLE_USER_SCRIPT_SANDBOXING = YES;
				GCC_C_LANGUAGE_STANDARD = gnu17;
				GCC_DYNAMIC_NO_PIC = NO;
				GCC_NO_COMMON_BLOCKS = YES;
				GCC_OPTIMIZATION_LEVEL = 0;
				GCC_PREPROCESSOR_DEFINITIONS = (
					"DEBUG=1",
					"$(inherited)",
				);
				GCC_WARN_64_TO_32_BIT_CONVERSION = YES;
				GCC_WARN_ABOUT_RETURN_TYPE = YES_ERROR;
				GCC_WARN_UNDECLARED_SELECTOR = YES;
				GCC_WARN_UNINITIALIZED_AUTOS = YES_AGGRESSIVE;
				GCC_WARN_UNUSED_FUNCTION = YES;
				GCC_WARN_UNUSED_VARIABLE = YES;
				IPHONEOS_DEPLOYMENT_TARGET = 18.2;
				LOCALIZATION_PREFERS_STRING_CATALOGS = YES;
				MTL_ENABLE_DEBUG_INFO = INCLUDE_SOURCE;
				MTL_FAST_MATH = YES;
				ONLY_ACTIVE_ARCH = YES;
				SDKROOT = iphoneos;
				SWIFT_ACTIVE_COMPILATION_CONDITIONS = "DEBUG $(inherited)";
				SWIFT_OPTIMIZATION_LEVEL = "-Onone";
			};
			name = Debug;
		};
		72229DC82D5576BC00395920 /* Release */ = {
			isa = XCBuildConfiguration;
			buildSettings = {
				ALWAYS_SEARCH_USER_PATHS = NO;
				ASSETCATALOG_COMPILER_GENERATE_SWIFT_ASSET_SYMBOL_EXTENSIONS = YES;
				CLANG_ANALYZER_NONNULL = YES;
				CLANG_ANALYZER_NUMBER_OBJECT_CONVERSION = YES_AGGRESSIVE;
				CLANG_CXX_LANGUAGE_STANDARD = "gnu++20";
				CLANG_ENABLE_MODULES = YES;
				CLANG_ENABLE_OBJC_ARC = YES;
				CLANG_ENABLE_OBJC_WEAK = YES;
				CLANG_WARN_BLOCK_CAPTURE_AUTORELEASING = YES;
				CLANG_WARN_BOOL_CONVERSION = YES;
				CLANG_WARN_COMMA = YES;
				CLANG_WARN_CONSTANT_CONVERSION = YES;
				CLANG_WARN_DEPRECATED_OBJC_IMPLEMENTATIONS = YES;
				CLANG_WARN_DIRECT_OBJC_ISA_USAGE = YES_ERROR;
				CLANG_WARN_DOCUMENTATION_COMMENTS = YES;
				CLANG_WARN_EMPTY_BODY = YES;
				CLANG_WARN_ENUM_CONVERSION = YES;
				CLANG_WARN_INFINITE_RECURSION = YES;
				CLANG_WARN_INT_CONVERSION = YES;
				CLANG_WARN_NON_LITERAL_NULL_CONVERSION = YES;
				CLANG_WARN_OBJC_IMPLICIT_RETAIN_SELF = YES;
				CLANG_WARN_OBJC_LITERAL_CONVERSION = YES;
				CLANG_WARN_OBJC_ROOT_CLASS = YES_ERROR;
				CLANG_WARN_QUOTED_INCLUDE_IN_FRAMEWORK_HEADER = YES;
				CLANG_WARN_RANGE_LOOP_ANALYSIS = YES;
				CLANG_WARN_STRICT_PROTOTYPES = YES;
				CLANG_WARN_SUSPICIOUS_MOVE = YES;
				CLANG_WARN_UNGUARDED_AVAILABILITY = YES_AGGRESSIVE;
				CLANG_WARN_UNREACHABLE_CODE = YES;
				CLANG_WARN__DUPLICATE_METHOD_MATCH = YES;
				COPY_PHASE_STRIP = NO;
				DEBUG_INFORMATION_FORMAT = "dwarf-with-dsym";
				ENABLE_NS_ASSERTIONS = NO;
				ENABLE_STRICT_OBJC_MSGSEND = YES;
				ENABLE_USER_SCRIPT_SANDBOXING = YES;
				GCC_C_LANGUAGE_STANDARD = gnu17;
				GCC_NO_COMMON_BLOCKS = YES;
				GCC_WARN_64_TO_32_BIT_CONVERSION = YES;
				GCC_WARN_ABOUT_RETURN_TYPE = YES_ERROR;
				GCC_WARN_UNDECLARED_SELECTOR = YES;
				GCC_WARN_UNINITIALIZED_AUTOS = YES_AGGRESSIVE;
				GCC_WARN_UNUSED_FUNCTION = YES;
				GCC_WARN_UNUSED_VARIABLE = YES;
				IPHONEOS_DEPLOYMENT_TARGET = 18.2;
				LOCALIZATION_PREFERS_STRING_CATALOGS = YES;
				MTL_ENABLE_DEBUG_INFO = NO;
				MTL_FAST_MATH = YES;
				SDKROOT = iphoneos;
				SWIFT_COMPILATION_MODE = wholemodule;
				VALIDATE_PRODUCT = YES;
			};
			name = Release;
		};
		72229DCA2D5576BC00395920 /* Debug */ = {
			isa = XCBuildConfiguration;
			buildSettings = {
				ASSETCATALOG_COMPILER_APPICON_NAME = AppIcon;
				ASSETCATALOG_COMPILER_GLOBAL_ACCENT_COLOR_NAME = AccentColor;
				CODE_SIGN_STYLE = Automatic;
				CURRENT_PROJECT_VERSION = 1;
				DEVELOPMENT_ASSET_PATHS = "\"6FebSwiftUI/Preview Content\"";
				DEVELOPMENT_TEAM = K7RZ34DWG5;
				ENABLE_PREVIEWS = YES;
				GENERATE_INFOPLIST_FILE = YES;
				INFOPLIST_KEY_UIApplicationSceneManifest_Generation = YES;
				INFOPLIST_KEY_UIApplicationSupportsIndirectInputEvents = YES;
				INFOPLIST_KEY_UILaunchScreen_Generation = YES;
				INFOPLIST_KEY_UISupportedInterfaceOrientations_iPad = "UIInterfaceOrientationPortrait UIInterfaceOrientationPortraitUpsideDown UIInterfaceOrientationLandscapeLeft UIInterfaceOrientationLandscapeRight";
				INFOPLIST_KEY_UISupportedInterfaceOrientations_iPhone = "UIInterfaceOrientationPortrait UIInterfaceOrientationLandscapeLeft UIInterfaceOrientationLandscapeRight";
				LD_RUNPATH_SEARCH_PATHS = (
					"$(inherited)",
					"@executable_path/Frameworks",
				);
				MARKETING_VERSION = 1.0;
				PRODUCT_BUNDLE_IDENTIFIER = "com.codingpirates.-FebSwiftUI";
				PRODUCT_NAME = "$(TARGET_NAME)";
				SWIFT_EMIT_LOC_STRINGS = YES;
				SWIFT_VERSION = 5.0;
				TARGETED_DEVICE_FAMILY = "1,2";
			};
			name = Debug;
		};
		72229DCB2D5576BC00395920 /* Release */ = {
			isa = XCBuildConfiguration;
			buildSettings = {
				ASSETCATALOG_COMPILER_APPICON_NAME = AppIcon;
				ASSETCATALOG_COMPILER_GLOBAL_ACCENT_COLOR_NAME = AccentColor;
				CODE_SIGN_STYLE = Automatic;
				CURRENT_PROJECT_VERSION = 1;
				DEVELOPMENT_ASSET_PATHS = "\"6FebSwiftUI/Preview Content\"";
				DEVELOPMENT_TEAM = K7RZ34DWG5;
				ENABLE_PREVIEWS = YES;
				GENERATE_INFOPLIST_FILE = YES;
				INFOPLIST_KEY_UIApplicationSceneManifest_Generation = YES;
				INFOPLIST_KEY_UIApplicationSupportsIndirectInputEvents = YES;
				INFOPLIST_KEY_UILaunchScreen_Generation = YES;
				INFOPLIST_KEY_UISupportedInterfaceOrientations_iPad = "UIInterfaceOrientationPortrait UIInterfaceOrientationPortraitUpsideDown UIInterfaceOrientationLandscapeLeft UIInterfaceOrientationLandscapeRight";
				INFOPLIST_KEY_UISupportedInterfaceOrientations_iPhone = "UIInterfaceOrientationPortrait UIInterfaceOrientationLandscapeLeft UIInterfaceOrientationLandscapeRight";
				LD_RUNPATH_SEARCH_PATHS = (
					"$(inherited)",
					"@executable_path/Frameworks",
				);
				MARKETING_VERSION = 1.0;
				PRODUCT_BUNDLE_IDENTIFIER = "com.codingpirates.-FebSwiftUI";
				PRODUCT_NAME = "$(TARGET_NAME)";
				SWIFT_EMIT_LOC_STRINGS = YES;
				SWIFT_VERSION = 5.0;
				TARGETED_DEVICE_FAMILY = "1,2";
			};
			name = Release;
		};
		72229DCD2D5576BC00395920 /* Debug */ = {
			isa = XCBuildConfiguration;
			buildSettings = {
				BUNDLE_LOADER = "$(TEST_HOST)";
				CODE_SIGN_STYLE = Automatic;
				CURRENT_PROJECT_VERSION = 1;
				DEVELOPMENT_TEAM = K7RZ34DWG5;
				GENERATE_INFOPLIST_FILE = YES;
				IPHONEOS_DEPLOYMENT_TARGET = 18.2;
				MARKETING_VERSION = 1.0;
				PRODUCT_BUNDLE_IDENTIFIER = "com.codingpirates.-FebSwiftUITests";
				PRODUCT_NAME = "$(TARGET_NAME)";
				SWIFT_EMIT_LOC_STRINGS = NO;
				SWIFT_VERSION = 5.0;
				TARGETED_DEVICE_FAMILY = "1,2";
				TEST_HOST = "$(BUILT_PRODUCTS_DIR)/6FebSwiftUI.app/$(BUNDLE_EXECUTABLE_FOLDER_PATH)/6FebSwiftUI";
			};
			name = Debug;
		};
		72229DCE2D5576BC00395920 /* Release */ = {
			isa = XCBuildConfiguration;
			buildSettings = {
				BUNDLE_LOADER = "$(TEST_HOST)";
				CODE_SIGN_STYLE = Automatic;
				CURRENT_PROJECT_VERSION = 1;
				DEVELOPMENT_TEAM = K7RZ34DWG5;
				GENERATE_INFOPLIST_FILE = YES;
				IPHONEOS_DEPLOYMENT_TARGET = 18.2;
				MARKETING_VERSION = 1.0;
				PRODUCT_BUNDLE_IDENTIFIER = "com.codingpirates.-FebSwiftUITests";
				PRODUCT_NAME = "$(TARGET_NAME)";
				SWIFT_EMIT_LOC_STRINGS = NO;
				SWIFT_VERSION = 5.0;
				TARGETED_DEVICE_FAMILY = "1,2";
				TEST_HOST = "$(BUILT_PRODUCTS_DIR)/6FebSwiftUI.app/$(BUNDLE_EXECUTABLE_FOLDER_PATH)/6FebSwiftUI";
			};
			name = Release;
		};
		72229DD02D5576BC00395920 /* Debug */ = {
			isa = XCBuildConfiguration;
			buildSettings = {
				CODE_SIGN_STYLE = Automatic;
				CURRENT_PROJECT_VERSION = 1;
				DEVELOPMENT_TEAM = K7RZ34DWG5;
				GENERATE_INFOPLIST_FILE = YES;
				MARKETING_VERSION = 1.0;
				PRODUCT_BUNDLE_IDENTIFIER = "com.codingpirates.-FebSwiftUIUITests";
				PRODUCT_NAME = "$(TARGET_NAME)";
				SWIFT_EMIT_LOC_STRINGS = NO;
				SWIFT_VERSION = 5.0;
				TARGETED_DEVICE_FAMILY = "1,2";
				TEST_TARGET_NAME = 6FebSwiftUI;
			};
			name = Debug;
		};
		72229DD12D5576BC00395920 /* Release */ = {
			isa = XCBuildConfiguration;
			buildSettings = {
				CODE_SIGN_STYLE = Automatic;
				CURRENT_PROJECT_VERSION = 1;
				DEVELOPMENT_TEAM = K7RZ34DWG5;
				GENERATE_INFOPLIST_FILE = YES;
				MARKETING_VERSION = 1.0;
				PRODUCT_BUNDLE_IDENTIFIER = "com.codingpirates.-FebSwiftUIUITests";
				PRODUCT_NAME = "$(TARGET_NAME)";
				SWIFT_EMIT_LOC_STRINGS = NO;
				SWIFT_VERSION = 5.0;
				TARGETED_DEVICE_FAMILY = "1,2";
				TEST_TARGET_NAME = 6FebSwiftUI;
			};
			name = Release;
		};
/* End XCBuildConfiguration section */

/* Begin XCConfigurationList section */
		72229DA02D5576B900395920 /* Build configuration list for PBXProject "6FebSwiftUI" */ = {
			isa = XCConfigurationList;
			buildConfigurations = (
				72229DC72D5576BC00395920 /* Debug */,
				72229DC82D5576BC00395920 /* Release */,
			);
			defaultConfigurationIsVisible = 0;
			defaultConfigurationName = Release;
		};
		72229DC92D5576BC00395920 /* Build configuration list for PBXNativeTarget "6FebSwiftUI" */ = {
			isa = XCConfigurationList;
			buildConfigurations = (
				72229DCA2D5576BC00395920 /* Debug */,
				72229DCB2D5576BC00395920 /* Release */,
			);
			defaultConfigurationIsVisible = 0;
			defaultConfigurationName = Release;
		};
		72229DCC2D5576BC00395920 /* Build configuration list for PBXNativeTarget "6FebSwiftUITests" */ = {
			isa = XCConfigurationList;
			buildConfigurations = (
				72229DCD2D5576BC00395920 /* Debug */,
				72229DCE2D5576BC00395920 /* Release */,
			);
			defaultConfigurationIsVisible = 0;
			defaultConfigurationName = Release;
		};
		72229DCF2D5576BC00395920 /* Build configuration list for PBXNativeTarget "6FebSwiftUIUITests" */ = {
			isa = XCConfigurationList;
			buildConfigurations = (
				72229DD02D5576BC00395920 /* Debug */,
				72229DD12D5576BC00395920 /* Release */,
			);
			defaultConfigurationIsVisible = 0;
			defaultConfigurationName = Release;
		};
/* End XCConfigurationList section */
	};
	rootObject = 72229D9D2D5576B900395920 /* Project object */;
}
