// !$*UTF8*$!
{
	archiveVersion = 1;
	classes = {
	};
	objectVersion = 77;
	objects = {

/* Begin PBXBuildFile section */
		720D791B2D546444004C3BF8 /* CocoaMQTT in Frameworks */ = {isa = PBXBuildFile; productRef = 720D791A2D546444004C3BF8 /* CocoaMQTT */; };
		720D791D2D546444004C3BF8 /* CocoaMQTTWebSocket in Frameworks */ = {isa = PBXBuildFile; productRef = 720D791C2D546444004C3BF8 /* CocoaMQTTWebSocket */; };
		72229D762D54661900395920 /* CocoaMQTT in Frameworks */ = {isa = PBXBuildFile; productRef = 72229D752D54661900395920 /* CocoaMQTT */; settings = {ATTRIBUTES = (Weak, ); }; };
		72229D782D54661900395920 /* CocoaMQTTWebSocket in Frameworks */ = {isa = PBXBuildFile; productRef = 72229D772D54661900395920 /* CocoaMQTTWebSocket */; settings = {ATTRIBUTES = (Weak, ); }; };
		72229D7B2D54672600395920 /* Starscream in Frameworks */ = {isa = PBXBuildFile; productRef = 72229D7A2D54672600395920 /* Starscream */; };
/* End PBXBuildFile section */

/* Begin PBXContainerItemProxy section */
		7298D2A72D545A7100265507 /* PBXContainerItemProxy */ = {
			isa = PBXContainerItemProxy;
			containerPortal = 7298D28E2D545A6E00265507 /* Project object */;
			proxyType = 1;
			remoteGlobalIDString = 7298D2952D545A6E00265507;
			remoteInfo = Light;
		};
		7298D2B12D545A7100265507 /* PBXContainerItemProxy */ = {
			isa = PBXContainerItemProxy;
			containerPortal = 7298D28E2D545A6E00265507 /* Project object */;
			proxyType = 1;
			remoteGlobalIDString = 7298D2952D545A6E00265507;
			remoteInfo = Light;
		};
/* End PBXContainerItemProxy section */

/* Begin PBXFileReference section */
		7298D2962D545A6E00265507 /* Light.app */ = {isa = PBXFileReference; explicitFileType = wrapper.application; includeInIndex = 0; path = Light.app; sourceTree = BUILT_PRODUCTS_DIR; };
		7298D2A62D545A7100265507 /* LightTests.xctest */ = {isa = PBXFileReference; explicitFileType = wrapper.cfbundle; includeInIndex = 0; path = LightTests.xctest; sourceTree = BUILT_PRODUCTS_DIR; };
		7298D2B02D545A7100265507 /* LightUITests.xctest */ = {isa = PBXFileReference; explicitFileType = wrapper.cfbundle; includeInIndex = 0; path = LightUITests.xctest; sourceTree = BUILT_PRODUCTS_DIR; };
/* End PBXFileReference section */

/* Begin PBXFileSystemSynchronizedRootGroup section */
		7298D2982D545A6E00265507 /* Light */ = {
			isa = PBXFileSystemSynchronizedRootGroup;
			path = Light;
			sourceTree = "<group>";
		};
		7298D2A92D545A7100265507 /* LightTests */ = {
			isa = PBXFileSystemSynchronizedRootGroup;
			path = LightTests;
			sourceTree = "<group>";
		};
		7298D2B32D545A7100265507 /* LightUITests */ = {
			isa = PBXFileSystemSynchronizedRootGroup;
			path = LightUITests;
			sourceTree = "<group>";
		};
/* End PBXFileSystemSynchronizedRootGroup section */

/* Begin PBXFrameworksBuildPhase section */
		7298D2932D545A6E00265507 /* Frameworks */ = {
			isa = PBXFrameworksBuildPhase;
			buildActionMask = 2147483647;
			files = (
				720D791D2D546444004C3BF8 /* CocoaMQTTWebSocket in Frameworks */,
				720D791B2D546444004C3BF8 /* CocoaMQTT in Frameworks */,
				72229D7B2D54672600395920 /* Starscream in Frameworks */,
			);
			runOnlyForDeploymentPostprocessing = 0;
		};
		7298D2A32D545A7100265507 /* Frameworks */ = {
			isa = PBXFrameworksBuildPhase;
			buildActionMask = 2147483647;
			files = (
			);
			runOnlyForDeploymentPostprocessing = 0;
		};
		7298D2AD2D545A7100265507 /* Frameworks */ = {
			isa = PBXFrameworksBuildPhase;
			buildActionMask = 2147483647;
			files = (
				72229D782D54661900395920 /* CocoaMQTTWebSocket in Frameworks */,
				72229D762D54661900395920 /* CocoaMQTT in Frameworks */,
			);
			runOnlyForDeploymentPostprocessing = 0;
		};
/* End PBXFrameworksBuildPhase section */

/* Begin PBXGroup section */
		720D79192D546444004C3BF8 /* Frameworks */ = {
			isa = PBXGroup;
			children = (
			);
			name = Frameworks;
			sourceTree = "<group>";
		};
		7298D28D2D545A6E00265507 = {
			isa = PBXGroup;
			children = (
				7298D2982D545A6E00265507 /* Light */,
				7298D2A92D545A7100265507 /* LightTests */,
				7298D2B32D545A7100265507 /* LightUITests */,
				720D79192D546444004C3BF8 /* Frameworks */,
				7298D2972D545A6E00265507 /* Products */,
			);
			sourceTree = "<group>";
		};
		7298D2972D545A6E00265507 /* Products */ = {
			isa = PBXGroup;
			children = (
				7298D2962D545A6E00265507 /* Light.app */,
				7298D2A62D545A7100265507 /* LightTests.xctest */,
				7298D2B02D545A7100265507 /* LightUITests.xctest */,
			);
			name = Products;
			sourceTree = "<group>";
		};
/* End PBXGroup section */

/* Begin PBXNativeTarget section */
		7298D2952D545A6E00265507 /* Light */ = {
			isa = PBXNativeTarget;
			buildConfigurationList = 7298D2BA2D545A7100265507 /* Build configuration list for PBXNativeTarget "Light" */;
			buildPhases = (
				7298D2922D545A6E00265507 /* Sources */,
				7298D2932D545A6E00265507 /* Frameworks */,
				7298D2942D545A6E00265507 /* Resources */,
			);
			buildRules = (
			);
			dependencies = (
			);
			fileSystemSynchronizedGroups = (
				7298D2982D545A6E00265507 /* Light */,
			);
			name = Light;
			packageProductDependencies = (
				720D791A2D546444004C3BF8 /* CocoaMQTT */,
				720D791C2D546444004C3BF8 /* CocoaMQTTWebSocket */,
				72229D7A2D54672600395920 /* Starscream */,
			);
			productName = Light;
			productReference = 7298D2962D545A6E00265507 /* Light.app */;
			productType = "com.apple.product-type.application";
		};
		7298D2A52D545A7100265507 /* LightTests */ = {
			isa = PBXNativeTarget;
			buildConfigurationList = 7298D2BD2D545A7100265507 /* Build configuration list for PBXNativeTarget "LightTests" */;
			buildPhases = (
				7298D2A22D545A7100265507 /* Sources */,
				7298D2A32D545A7100265507 /* Frameworks */,
				7298D2A42D545A7100265507 /* Resources */,
			);
			buildRules = (
			);
			dependencies = (
				7298D2A82D545A7100265507 /* PBXTargetDependency */,
			);
			fileSystemSynchronizedGroups = (
				7298D2A92D545A7100265507 /* LightTests */,
			);
			name = LightTests;
			packageProductDependencies = (
			);
			productName = LightTests;
			productReference = 7298D2A62D545A7100265507 /* LightTests.xctest */;
			productType = "com.apple.product-type.bundle.unit-test";
		};
		7298D2AF2D545A7100265507 /* LightUITests */ = {
			isa = PBXNativeTarget;
			buildConfigurationList = 7298D2C02D545A7100265507 /* Build configuration list for PBXNativeTarget "LightUITests" */;
			buildPhases = (
				7298D2AC2D545A7100265507 /* Sources */,
				7298D2AD2D545A7100265507 /* Frameworks */,
				7298D2AE2D545A7100265507 /* Resources */,
			);
			buildRules = (
			);
			dependencies = (
				7298D2B22D545A7100265507 /* PBXTargetDependency */,
			);
			fileSystemSynchronizedGroups = (
				7298D2B32D545A7100265507 /* LightUITests */,
			);
			name = LightUITests;
			packageProductDependencies = (
				72229D752D54661900395920 /* CocoaMQTT */,
				72229D772D54661900395920 /* CocoaMQTTWebSocket */,
			);
			productName = LightUITests;
			productReference = 7298D2B02D545A7100265507 /* LightUITests.xctest */;
			productType = "com.apple.product-type.bundle.ui-testing";
		};
/* End PBXNativeTarget section */

/* Begin PBXProject section */
		7298D28E2D545A6E00265507 /* Project object */ = {
			isa = PBXProject;
			attributes = {
				BuildIndependentTargetsInParallel = 1;
				LastSwiftUpdateCheck = 1620;
				LastUpgradeCheck = 1620;
				TargetAttributes = {
					7298D2952D545A6E00265507 = {
						CreatedOnToolsVersion = 16.2;
					};
					7298D2A52D545A7100265507 = {
						CreatedOnToolsVersion = 16.2;
						TestTargetID = 7298D2952D545A6E00265507;
					};
					7298D2AF2D545A7100265507 = {
						CreatedOnToolsVersion = 16.2;
						TestTargetID = 7298D2952D545A6E00265507;
					};
				};
			};
			buildConfigurationList = 7298D2912D545A6E00265507 /* Build configuration list for PBXProject "Light" */;
			developmentRegion = en;
			hasScannedForEncodings = 0;
			knownRegions = (
				en,
				Base,
			);
			mainGroup = 7298D28D2D545A6E00265507;
			minimizedProjectReferenceProxies = 1;
			packageReferences = (
				7298D2C32D545ABA00265507 /* XCRemoteSwiftPackageReference "CocoaMQTT" */,
				72229D792D54672600395920 /* XCRemoteSwiftPackageReference "Starscream" */,
			);
			preferredProjectObjectVersion = 77;
			productRefGroup = 7298D2972D545A6E00265507 /* Products */;
			projectDirPath = "";
			projectRoot = "";
			targets = (
				7298D2952D545A6E00265507 /* Light */,
				7298D2A52D545A7100265507 /* LightTests */,
				7298D2AF2D545A7100265507 /* LightUITests */,
			);
		};
/* End PBXProject section */

/* Begin PBXResourcesBuildPhase section */
		7298D2942D545A6E00265507 /* Resources */ = {
			isa = PBXResourcesBuildPhase;
			buildActionMask = 2147483647;
			files = (
			);
			runOnlyForDeploymentPostprocessing = 0;
		};
		7298D2A42D545A7100265507 /* Resources */ = {
			isa = PBXResourcesBuildPhase;
			buildActionMask = 2147483647;
			files = (
			);
			runOnlyForDeploymentPostprocessing = 0;
		};
		7298D2AE2D545A7100265507 /* Resources */ = {
			isa = PBXResourcesBuildPhase;
			buildActionMask = 2147483647;
			files = (
			);
			runOnlyForDeploymentPostprocessing = 0;
		};
/* End PBXResourcesBuildPhase section */

/* Begin PBXSourcesBuildPhase section */
		7298D2922D545A6E00265507 /* Sources */ = {
			isa = PBXSourcesBuildPhase;
			buildActionMask = 2147483647;
			files = (
			);
			runOnlyForDeploymentPostprocessing = 0;
		};
		7298D2A22D545A7100265507 /* Sources */ = {
			isa = PBXSourcesBuildPhase;
			buildActionMask = 2147483647;
			files = (
			);
			runOnlyForDeploymentPostprocessing = 0;
		};
		7298D2AC2D545A7100265507 /* Sources */ = {
			isa = PBXSourcesBuildPhase;
			buildActionMask = 2147483647;
			files = (
			);
			runOnlyForDeploymentPostprocessing = 0;
		};
/* End PBXSourcesBuildPhase section */

/* Begin PBXTargetDependency section */
		7298D2A82D545A7100265507 /* PBXTargetDependency */ = {
			isa = PBXTargetDependency;
			target = 7298D2952D545A6E00265507 /* Light */;
			targetProxy = 7298D2A72D545A7100265507 /* PBXContainerItemProxy */;
		};
		7298D2B22D545A7100265507 /* PBXTargetDependency */ = {
			isa = PBXTargetDependency;
			target = 7298D2952D545A6E00265507 /* Light */;
			targetProxy = 7298D2B12D545A7100265507 /* PBXContainerItemProxy */;
		};
/* End PBXTargetDependency section */

/* Begin XCBuildConfiguration section */
		7298D2B82D545A7100265507 /* Debug */ = {
			isa = XCBuildConfiguration;
			buildSettings = {
				ALWAYS_SEARCH_USER_PATHS = NO;
				ASSETCATALOG_COMPILER_GENERATE_SWIFT_ASSET_SYMBOL_EXTENSIONS = YES;
				CLANG_ANALYZER_NONNULL = YES;
				CLANG_ANALYZER_NUMBER_OBJECT_CONVERSION = YES_AGGRESSIVE;
				CLANG_CXX_LANGUAGE_STANDARD = "gnu++20";
				CLANG_ENABLE_MODULES = YES;
				CLANG_ENABLE_OBJC_ARC = YES;
				CLANG_ENABLE_OBJC_WEAK = YES;
				CLANG_WARN_BLOCK_CAPTURE_AUTORELEASING = YES;
				CLANG_WARN_BOOL_CONVERSION = YES;
				CLANG_WARN_COMMA = YES;
				CLANG_WARN_CONSTANT_CONVERSION = YES;
				CLANG_WARN_DEPRECATED_OBJC_IMPLEMENTATIONS = YES;
				CLANG_WARN_DIRECT_OBJC_ISA_USAGE = YES_ERROR;
				CLANG_WARN_DOCUMENTATION_COMMENTS = YES;
				CLANG_WARN_EMPTY_BODY = YES;
				CLANG_WARN_ENUM_CONVERSION = YES;
				CLANG_WARN_INFINITE_RECURSION = YES;
				CLANG_WARN_INT_CONVERSION = YES;
				CLANG_WARN_NON_LITERAL_NULL_CONVERSION = YES;
				CLANG_WARN_OBJC_IMPLICIT_RETAIN_SELF = YES;
				CLANG_WARN_OBJC_LITERAL_CONVERSION = YES;
				CLANG_WARN_OBJC_ROOT_CLASS = YES_ERROR;
				CLANG_WARN_QUOTED_INCLUDE_IN_FRAMEWORK_HEADER = YES;
				CLANG_WARN_RANGE_LOOP_ANALYSIS = YES;
				CLANG_WARN_STRICT_PROTOTYPES = YES;
				CLANG_WARN_SUSPICIOUS_MOVE = YES;
				CLANG_WARN_UNGUARDED_AVAILABILITY = YES_AGGRESSIVE;
				CLANG_WARN_UNREACHABLE_CODE = YES;
				CLANG_WARN__DUPLICATE_METHOD_MATCH = YES;
				COPY_PHASE_STRIP = NO;
				DEBUG_INFORMATION_FORMAT = dwarf;
				ENABLE_STRICT_OBJC_MSGSEND = YES;
				ENABLE_TESTABILITY = YES;
				ENABLE_USER_SCRIPT_SANDBOXING = YES;
				GCC_C_LANGUAGE_STANDARD = gnu17;
				GCC_DYNAMIC_NO_PIC = NO;
				GCC_NO_COMMON_BLOCKS = YES;
				GCC_OPTIMIZATION_LEVEL = 0;
				GCC_PREPROCESSOR_DEFINITIONS = (
					"DEBUG=1",
					"$(inherited)",
				);
				GCC_WARN_64_TO_32_BIT_CONVERSION = YES;
				GCC_WARN_ABOUT_RETURN_TYPE = YES_ERROR;
				GCC_WARN_UNDECLARED_SELECTOR = YES;
				GCC_WARN_UNINITIALIZED_AUTOS = YES_AGGRESSIVE;
				GCC_WARN_UNUSED_FUNCTION = YES;
				GCC_WARN_UNUSED_VARIABLE = YES;
				IPHONEOS_DEPLOYMENT_TARGET = 18.2;
				LOCALIZATION_PREFERS_STRING_CATALOGS = YES;
				MTL_ENABLE_DEBUG_INFO = INCLUDE_SOURCE;
				MTL_FAST_MATH = YES;
				ONLY_ACTIVE_ARCH = YES;
				SDKROOT = iphoneos;
				SWIFT_ACTIVE_COMPILATION_CONDITIONS = "DEBUG $(inherited)";
				SWIFT_OPTIMIZATION_LEVEL = "-Onone";
			};
			name = Debug;
		};
		7298D2B92D545A7100265507 /* Release */ = {
			isa = XCBuildConfiguration;
			buildSettings = {
				ALWAYS_SEARCH_USER_PATHS = NO;
				ASSETCATALOG_COMPILER_GENERATE_SWIFT_ASSET_SYMBOL_EXTENSIONS = YES;
				CLANG_ANALYZER_NONNULL = YES;
				CLANG_ANALYZER_NUMBER_OBJECT_CONVERSION = YES_AGGRESSIVE;
				CLANG_CXX_LANGUAGE_STANDARD = "gnu++20";
				CLANG_ENABLE_MODULES = YES;
				CLANG_ENABLE_OBJC_ARC = YES;
				CLANG_ENABLE_OBJC_WEAK = YES;
				CLANG_WARN_BLOCK_CAPTURE_AUTORELEASING = YES;
				CLANG_WARN_BOOL_CONVERSION = YES;
				CLANG_WARN_COMMA = YES;
				CLANG_WARN_CONSTANT_CONVERSION = YES;
				CLANG_WARN_DEPRECATED_OBJC_IMPLEMENTATIONS = YES;
				CLANG_WARN_DIRECT_OBJC_ISA_USAGE = YES_ERROR;
				CLANG_WARN_DOCUMENTATION_COMMENTS = YES;
				CLANG_WARN_EMPTY_BODY = YES;
				CLANG_WARN_ENUM_CONVERSION = YES;
				CLANG_WARN_INFINITE_RECURSION = YES;
				CLANG_WARN_INT_CONVERSION = YES;
				CLANG_WARN_NON_LITERAL_NULL_CONVERSION = YES;
				CLANG_WARN_OBJC_IMPLICIT_RETAIN_SELF = YES;
				CLANG_WARN_OBJC_LITERAL_CONVERSION = YES;
				CLANG_WARN_OBJC_ROOT_CLASS = YES_ERROR;
				CLANG_WARN_QUOTED_INCLUDE_IN_FRAMEWORK_HEADER = YES;
				CLANG_WARN_RANGE_LOOP_ANALYSIS = YES;
				CLANG_WARN_STRICT_PROTOTYPES = YES;
				CLANG_WARN_SUSPICIOUS_MOVE = YES;
				CLANG_WARN_UNGUARDED_AVAILABILITY = YES_AGGRESSIVE;
				CLANG_WARN_UNREACHABLE_CODE = YES;
				CLANG_WARN__DUPLICATE_METHOD_MATCH = YES;
				COPY_PHASE_STRIP = NO;
				DEBUG_INFORMATION_FORMAT = "dwarf-with-dsym";
				ENABLE_NS_ASSERTIONS = NO;
				ENABLE_STRICT_OBJC_MSGSEND = YES;
				ENABLE_USER_SCRIPT_SANDBOXING = YES;
				GCC_C_LANGUAGE_STANDARD = gnu17;
				GCC_NO_COMMON_BLOCKS = YES;
				GCC_WARN_64_TO_32_BIT_CONVERSION = YES;
				GCC_WARN_ABOUT_RETURN_TYPE = YES_ERROR;
				GCC_WARN_UNDECLARED_SELECTOR = YES;
				GCC_WARN_UNINITIALIZED_AUTOS = YES_AGGRESSIVE;
				GCC_WARN_UNUSED_FUNCTION = YES;
				GCC_WARN_UNUSED_VARIABLE = YES;
				IPHONEOS_DEPLOYMENT_TARGET = 18.2;
				LOCALIZATION_PREFERS_STRING_CATALOGS = YES;
				MTL_ENABLE_DEBUG_INFO = NO;
				MTL_FAST_MATH = YES;
				SDKROOT = iphoneos;
				SWIFT_COMPILATION_MODE = wholemodule;
				VALIDATE_PRODUCT = YES;
			};
			name = Release;
		};
		7298D2BB2D545A7100265507 /* Debug */ = {
			isa = XCBuildConfiguration;
			buildSettings = {
				ASSETCATALOG_COMPILER_APPICON_NAME = AppIcon;
				ASSETCATALOG_COMPILER_GLOBAL_ACCENT_COLOR_NAME = AccentColor;
				CODE_SIGN_STYLE = Automatic;
				CURRENT_PROJECT_VERSION = 1;
				DEVELOPMENT_ASSET_PATHS = "\"Light/Preview Content\"";
				DEVELOPMENT_TEAM = K7RZ34DWG5;
				ENABLE_PREVIEWS = YES;
				GENERATE_INFOPLIST_FILE = YES;
				INFOPLIST_KEY_UIApplicationSceneManifest_Generation = YES;
				INFOPLIST_KEY_UIApplicationSupportsIndirectInputEvents = YES;
				INFOPLIST_KEY_UILaunchScreen_Generation = YES;
				INFOPLIST_KEY_UISupportedInterfaceOrientations_iPad = "UIInterfaceOrientationPortrait UIInterfaceOrientationPortraitUpsideDown UIInterfaceOrientationLandscapeLeft UIInterfaceOrientationLandscapeRight";
				INFOPLIST_KEY_UISupportedInterfaceOrientations_iPhone = "UIInterfaceOrientationPortrait UIInterfaceOrientationLandscapeLeft UIInterfaceOrientationLandscapeRight";
				IPHONEOS_DEPLOYMENT_TARGET = 18.0;
				LD_RUNPATH_SEARCH_PATHS = (
					"$(inherited)",
					"@executable_path/Frameworks",
				);
				MARKETING_VERSION = 1.0;
				PRODUCT_BUNDLE_IDENTIFIER = com.codingpirates.Light;
				PRODUCT_NAME = "$(TARGET_NAME)";
				SWIFT_EMIT_LOC_STRINGS = YES;
				SWIFT_VERSION = 5.0;
				TARGETED_DEVICE_FAMILY = "1,2";
			};
			name = Debug;
		};
		7298D2BC2D545A7100265507 /* Release */ = {
			isa = XCBuildConfiguration;
			buildSettings = {
				ASSETCATALOG_COMPILER_APPICON_NAME = AppIcon;
				ASSETCATALOG_COMPILER_GLOBAL_ACCENT_COLOR_NAME = AccentColor;
				CODE_SIGN_STYLE = Automatic;
				CURRENT_PROJECT_VERSION = 1;
				DEVELOPMENT_ASSET_PATHS = "\"Light/Preview Content\"";
				DEVELOPMENT_TEAM = K7RZ34DWG5;
				ENABLE_PREVIEWS = YES;
				GENERATE_INFOPLIST_FILE = YES;
				INFOPLIST_KEY_UIApplicationSceneManifest_Generation = YES;
				INFOPLIST_KEY_UIApplicationSupportsIndirectInputEvents = YES;
				INFOPLIST_KEY_UILaunchScreen_Generation = YES;
				INFOPLIST_KEY_UISupportedInterfaceOrientations_iPad = "UIInterfaceOrientationPortrait UIInterfaceOrientationPortraitUpsideDown UIInterfaceOrientationLandscapeLeft UIInterfaceOrientationLandscapeRight";
				INFOPLIST_KEY_UISupportedInterfaceOrientations_iPhone = "UIInterfaceOrientationPortrait UIInterfaceOrientationLandscapeLeft UIInterfaceOrientationLandscapeRight";
				IPHONEOS_DEPLOYMENT_TARGET = 18.0;
				LD_RUNPATH_SEARCH_PATHS = (
					"$(inherited)",
					"@executable_path/Frameworks",
				);
				MARKETING_VERSION = 1.0;
				PRODUCT_BUNDLE_IDENTIFIER = com.codingpirates.Light;
				PRODUCT_NAME = "$(TARGET_NAME)";
				SWIFT_EMIT_LOC_STRINGS = YES;
				SWIFT_VERSION = 5.0;
				TARGETED_DEVICE_FAMILY = "1,2";
			};
			name = Release;
		};
		7298D2BE2D545A7100265507 /* Debug */ = {
			isa = XCBuildConfiguration;
			buildSettings = {
				BUNDLE_LOADER = "$(TEST_HOST)";
				CODE_SIGN_STYLE = Automatic;
				CURRENT_PROJECT_VERSION = 1;
				DEVELOPMENT_TEAM = K7RZ34DWG5;
				EXCLUDED_ARCHS = "";
				GENERATE_INFOPLIST_FILE = YES;
				IPHONEOS_DEPLOYMENT_TARGET = 18.2;
				MARKETING_VERSION = 1.0;
				PRODUCT_BUNDLE_IDENTIFIER = com.codingpirates.LightTests;
				PRODUCT_NAME = "$(TARGET_NAME)";
				SWIFT_EMIT_LOC_STRINGS = NO;
				SWIFT_VERSION = 5.0;
				TARGETED_DEVICE_FAMILY = "1,2";
				TEST_HOST = "$(BUILT_PRODUCTS_DIR)/Light.app/$(BUNDLE_EXECUTABLE_FOLDER_PATH)/Light";
			};
			name = Debug;
		};
		7298D2BF2D545A7100265507 /* Release */ = {
			isa = XCBuildConfiguration;
			buildSettings = {
				BUNDLE_LOADER = "$(TEST_HOST)";
				CODE_SIGN_STYLE = Automatic;
				CURRENT_PROJECT_VERSION = 1;
				DEVELOPMENT_TEAM = K7RZ34DWG5;
				EXCLUDED_ARCHS = "";
				GENERATE_INFOPLIST_FILE = YES;
				IPHONEOS_DEPLOYMENT_TARGET = 18.2;
				MARKETING_VERSION = 1.0;
				PRODUCT_BUNDLE_IDENTIFIER = com.codingpirates.LightTests;
				PRODUCT_NAME = "$(TARGET_NAME)";
				SWIFT_EMIT_LOC_STRINGS = NO;
				SWIFT_VERSION = 5.0;
				TARGETED_DEVICE_FAMILY = "1,2";
				TEST_HOST = "$(BUILT_PRODUCTS_DIR)/Light.app/$(BUNDLE_EXECUTABLE_FOLDER_PATH)/Light";
			};
			name = Release;
		};
		7298D2C12D545A7100265507 /* Debug */ = {
			isa = XCBuildConfiguration;
			buildSettings = {
				CODE_SIGN_STYLE = Automatic;
				CURRENT_PROJECT_VERSION = 1;
				DEVELOPMENT_TEAM = K7RZ34DWG5;
				GENERATE_INFOPLIST_FILE = YES;
				MARKETING_VERSION = 1.0;
				PRODUCT_BUNDLE_IDENTIFIER = com.codingpirates.LightUITests;
				PRODUCT_NAME = "$(TARGET_NAME)";
				SWIFT_EMIT_LOC_STRINGS = NO;
				SWIFT_VERSION = 5.0;
				TARGETED_DEVICE_FAMILY = "1,2";
				TEST_TARGET_NAME = Light;
			};
			name = Debug;
		};
		7298D2C22D545A7100265507 /* Release */ = {
			isa = XCBuildConfiguration;
			buildSettings = {
				CODE_SIGN_STYLE = Automatic;
				CURRENT_PROJECT_VERSION = 1;
				DEVELOPMENT_TEAM = K7RZ34DWG5;
				GENERATE_INFOPLIST_FILE = YES;
				MARKETING_VERSION = 1.0;
				PRODUCT_BUNDLE_IDENTIFIER = com.codingpirates.LightUITests;
				PRODUCT_NAME = "$(TARGET_NAME)";
				SWIFT_EMIT_LOC_STRINGS = NO;
				SWIFT_VERSION = 5.0;
				TARGETED_DEVICE_FAMILY = "1,2";
				TEST_TARGET_NAME = Light;
			};
			name = Release;
		};
/* End XCBuildConfiguration section */

/* Begin XCConfigurationList section */
		7298D2912D545A6E00265507 /* Build configuration list for PBXProject "Light" */ = {
			isa = XCConfigurationList;
			buildConfigurations = (
				7298D2B82D545A7100265507 /* Debug */,
				7298D2B92D545A7100265507 /* Release */,
			);
			defaultConfigurationIsVisible = 0;
			defaultConfigurationName = Release;
		};
		7298D2BA2D545A7100265507 /* Build configuration list for PBXNativeTarget "Light" */ = {
			isa = XCConfigurationList;
			buildConfigurations = (
				7298D2BB2D545A7100265507 /* Debug */,
				7298D2BC2D545A7100265507 /* Release */,
			);
			defaultConfigurationIsVisible = 0;
			defaultConfigurationName = Release;
		};
		7298D2BD2D545A7100265507 /* Build configuration list for PBXNativeTarget "LightTests" */ = {
			isa = XCConfigurationList;
			buildConfigurations = (
				7298D2BE2D545A7100265507 /* Debug */,
				7298D2BF2D545A7100265507 /* Release */,
			);
			defaultConfigurationIsVisible = 0;
			defaultConfigurationName = Release;
		};
		7298D2C02D545A7100265507 /* Build configuration list for PBXNativeTarget "LightUITests" */ = {
			isa = XCConfigurationList;
			buildConfigurations = (
				7298D2C12D545A7100265507 /* Debug */,
				7298D2C22D545A7100265507 /* Release */,
			);
			defaultConfigurationIsVisible = 0;
			defaultConfigurationName = Release;
		};
/* End XCConfigurationList section */

/* Begin XCRemoteSwiftPackageReference section */
		72229D792D54672600395920 /* XCRemoteSwiftPackageReference "Starscream" */ = {
			isa = XCRemoteSwiftPackageReference;
			repositoryURL = "https://github.com/daltoniam/Starscream.git";
			requirement = {
				kind = exactVersion;
				version = 4.0.4;
			};
		};
		7298D2C32D545ABA00265507 /* XCRemoteSwiftPackageReference "CocoaMQTT" */ = {
			isa = XCRemoteSwiftPackageReference;
			repositoryURL = "https://github.com/emqx/CocoaMQTT";
			requirement = {
				kind = upToNextMajorVersion;
				minimumVersion = 2.1.8;
			};
		};
/* End XCRemoteSwiftPackageReference section */

/* Begin XCSwiftPackageProductDependency section */
		720D791A2D546444004C3BF8 /* CocoaMQTT */ = {
			isa = XCSwiftPackageProductDependency;
			package = 7298D2C32D545ABA00265507 /* XCRemoteSwiftPackageReference "CocoaMQTT" */;
			productName = CocoaMQTT;
		};
		720D791C2D546444004C3BF8 /* CocoaMQTTWebSocket */ = {
			isa = XCSwiftPackageProductDependency;
			package = 7298D2C32D545ABA00265507 /* XCRemoteSwiftPackageReference "CocoaMQTT" */;
			productName = CocoaMQTTWebSocket;
		};
		72229D752D54661900395920 /* CocoaMQTT */ = {
			isa = XCSwiftPackageProductDependency;
			package = 7298D2C32D545ABA00265507 /* XCRemoteSwiftPackageReference "CocoaMQTT" */;
			productName = CocoaMQTT;
		};
		72229D772D54661900395920 /* CocoaMQTTWebSocket */ = {
			isa = XCSwiftPackageProductDependency;
			package = 7298D2C32D545ABA00265507 /* XCRemoteSwiftPackageReference "CocoaMQTT" */;
			productName = CocoaMQTTWebSocket;
		};
		72229D7A2D54672600395920 /* Starscream */ = {
			isa = XCSwiftPackageProductDependency;
			package = 72229D792D54672600395920 /* XCRemoteSwiftPackageReference "Starscream" */;
			productName = Starscream;
		};
/* End XCSwiftPackageProductDependency section */
	};
	rootObject = 7298D28E2D545A6E00265507 /* Project object */;
}
