// !$*UTF8*$!
{
	archiveVersion = 1;
	classes = {
	};
	objectVersion = 77;
	objects = {

/* Begin PBXContainerItemProxy section */
		72009C582D5BDF0300300769 /* PBXContainerItemProxy */ = {
			isa = PBXContainerItemProxy;
			containerPortal = 72009C3F2D5BDF0100300769 /* Project object */;
			proxyType = 1;
			remoteGlobalIDString = 72009C462D5BDF0100300769;
			remoteInfo = Chintan_Final;
		};
		72009C622D5BDF0300300769 /* PBXContainerItemProxy */ = {
			isa = PBXContainerItemProxy;
			containerPortal = 72009C3F2D5BDF0100300769 /* Project object */;
			proxyType = 1;
			remoteGlobalIDString = 72009C462D5BDF0100300769;
			remoteInfo = Chintan_Final;
		};
/* End PBXContainerItemProxy section */

/* Begin PBXFileReference section */
		72009C472D5BDF0100300769 /* Chintan_Final.app */ = {isa = PBXFileReference; explicitFileType = wrapper.application; includeInIndex = 0; path = Chintan_Final.app; sourceTree = BUILT_PRODUCTS_DIR; };
		72009C572D5BDF0300300769 /* Chintan_FinalTests.xctest */ = {isa = PBXFileReference; explicitFileType = wrapper.cfbundle; includeInIndex = 0; path = Chintan_FinalTests.xctest; sourceTree = BUILT_PRODUCTS_DIR; };
		72009C612D5BDF0300300769 /* Chintan_FinalUITests.xctest */ = {isa = PBXFileReference; explicitFileType = wrapper.cfbundle; includeInIndex = 0; path = Chintan_FinalUITests.xctest; sourceTree = BUILT_PRODUCTS_DIR; };
/* End PBXFileReference section */

/* Begin PBXFileSystemSynchronizedRootGroup section */
		72009C492D5BDF0100300769 /* Chintan_Final */ = {
			isa = PBXFileSystemSynchronizedRootGroup;
			path = Chintan_Final;
			sourceTree = "<group>";
		};
		72009C5A2D5BDF0300300769 /* Chintan_FinalTests */ = {
			isa = PBXFileSystemSynchronizedRootGroup;
			path = Chintan_FinalTests;
			sourceTree = "<group>";
		};
		72009C642D5BDF0300300769 /* Chintan_FinalUITests */ = {
			isa = PBXFileSystemSynchronizedRootGroup;
			path = Chintan_FinalUITests;
			sourceTree = "<group>";
		};
/* End PBXFileSystemSynchronizedRootGroup section */

/* Begin PBXFrameworksBuildPhase section */
		72009C442D5BDF0100300769 /* Frameworks */ = {
			isa = PBXFrameworksBuildPhase;
			buildActionMask = 2147483647;
			files = (
			);
			runOnlyForDeploymentPostprocessing = 0;
		};
		72009C542D5BDF0300300769 /* Frameworks */ = {
			isa = PBXFrameworksBuildPhase;
			buildActionMask = 2147483647;
			files = (
			);
			runOnlyForDeploymentPostprocessing = 0;
		};
		72009C5E2D5BDF0300300769 /* Frameworks */ = {
			isa = PBXFrameworksBuildPhase;
			buildActionMask = 2147483647;
			files = (
			);
			runOnlyForDeploymentPostprocessing = 0;
		};
/* End PBXFrameworksBuildPhase section */

/* Begin PBXGroup section */
		72009C3E2D5BDF0100300769 = {
			isa = PBXGroup;
			children = (
				72009C492D5BDF0100300769 /* Chintan_Final */,
				72009C5A2D5BDF0300300769 /* Chintan_FinalTests */,
				72009C642D5BDF0300300769 /* Chintan_FinalUITests */,
				72009C482D5BDF0100300769 /* Products */,
			);
			sourceTree = "<group>";
		};
		72009C482D5BDF0100300769 /* Products */ = {
			isa = PBXGroup;
			children = (
				72009C472D5BDF0100300769 /* Chintan_Final.app */,
				72009C572D5BDF0300300769 /* Chintan_FinalTests.xctest */,
				72009C612D5BDF0300300769 /* Chintan_FinalUITests.xctest */,
			);
			name = Products;
			sourceTree = "<group>";
		};
/* End PBXGroup section */

/* Begin PBXNativeTarget section */
		72009C462D5BDF0100300769 /* Chintan_Final */ = {
			isa = PBXNativeTarget;
			buildConfigurationList = 72009C6B2D5BDF0300300769 /* Build configuration list for PBXNativeTarget "Chintan_Final" */;
			buildPhases = (
				72009C432D5BDF0100300769 /* Sources */,
				72009C442D5BDF0100300769 /* Frameworks */,
				72009C452D5BDF0100300769 /* Resources */,
			);
			buildRules = (
			);
			dependencies = (
			);
			fileSystemSynchronizedGroups = (
				72009C492D5BDF0100300769 /* Chintan_Final */,
			);
			name = Chintan_Final;
			packageProductDependencies = (
			);
			productName = Chintan_Final;
			productReference = 72009C472D5BDF0100300769 /* Chintan_Final.app */;
			productType = "com.apple.product-type.application";
		};
		72009C562D5BDF0300300769 /* Chintan_FinalTests */ = {
			isa = PBXNativeTarget;
			buildConfigurationList = 72009C6E2D5BDF0300300769 /* Build configuration list for PBXNativeTarget "Chintan_FinalTests" */;
			buildPhases = (
				72009C532D5BDF0300300769 /* Sources */,
				72009C542D5BDF0300300769 /* Frameworks */,
				72009C552D5BDF0300300769 /* Resources */,
			);
			buildRules = (
			);
			dependencies = (
				72009C592D5BDF0300300769 /* PBXTargetDependency */,
			);
			fileSystemSynchronizedGroups = (
				72009C5A2D5BDF0300300769 /* Chintan_FinalTests */,
			);
			name = Chintan_FinalTests;
			packageProductDependencies = (
			);
			productName = Chintan_FinalTests;
			productReference = 72009C572D5BDF0300300769 /* Chintan_FinalTests.xctest */;
			productType = "com.apple.product-type.bundle.unit-test";
		};
		72009C602D5BDF0300300769 /* Chintan_FinalUITests */ = {
			isa = PBXNativeTarget;
			buildConfigurationList = 72009C712D5BDF0300300769 /* Build configuration list for PBXNativeTarget "Chintan_FinalUITests" */;
			buildPhases = (
				72009C5D2D5BDF0300300769 /* Sources */,
				72009C5E2D5BDF0300300769 /* Frameworks */,
				72009C5F2D5BDF0300300769 /* Resources */,
			);
			buildRules = (
			);
			dependencies = (
				72009C632D5BDF0300300769 /* PBXTargetDependency */,
			);
			fileSystemSynchronizedGroups = (
				72009C642D5BDF0300300769 /* Chintan_FinalUITests */,
			);
			name = Chintan_FinalUITests;
			packageProductDependencies = (
			);
			productName = Chintan_FinalUITests;
			productReference = 72009C612D5BDF0300300769 /* Chintan_FinalUITests.xctest */;
			productType = "com.apple.product-type.bundle.ui-testing";
		};
/* End PBXNativeTarget section */

/* Begin PBXProject section */
		72009C3F2D5BDF0100300769 /* Project object */ = {
			isa = PBXProject;
			attributes = {
				BuildIndependentTargetsInParallel = 1;
				LastSwiftUpdateCheck = 1620;
				LastUpgradeCheck = 1620;
				TargetAttributes = {
					72009C462D5BDF0100300769 = {
						CreatedOnToolsVersion = 16.2;
					};
					72009C562D5BDF0300300769 = {
						CreatedOnToolsVersion = 16.2;
						TestTargetID = 72009C462D5BDF0100300769;
					};
					72009C602D5BDF0300300769 = {
						CreatedOnToolsVersion = 16.2;
						TestTargetID = 72009C462D5BDF0100300769;
					};
				};
			};
			buildConfigurationList = 72009C422D5BDF0100300769 /* Build configuration list for PBXProject "Chintan_Final" */;
			developmentRegion = en;
			hasScannedForEncodings = 0;
			knownRegions = (
				en,
				Base,
			);
			mainGroup = 72009C3E2D5BDF0100300769;
			minimizedProjectReferenceProxies = 1;
			preferredProjectObjectVersion = 77;
			productRefGroup = 72009C482D5BDF0100300769 /* Products */;
			projectDirPath = "";
			projectRoot = "";
			targets = (
				72009C462D5BDF0100300769 /* Chintan_Final */,
				72009C562D5BDF0300300769 /* Chintan_FinalTests */,
				72009C602D5BDF0300300769 /* Chintan_FinalUITests */,
			);
		};
/* End PBXProject section */

/* Begin PBXResourcesBuildPhase section */
		72009C452D5BDF0100300769 /* Resources */ = {
			isa = PBXResourcesBuildPhase;
			buildActionMask = 2147483647;
			files = (
			);
			runOnlyForDeploymentPostprocessing = 0;
		};
		72009C552D5BDF0300300769 /* Resources */ = {
			isa = PBXResourcesBuildPhase;
			buildActionMask = 2147483647;
			files = (
			);
			runOnlyForDeploymentPostprocessing = 0;
		};
		72009C5F2D5BDF0300300769 /* Resources */ = {
			isa = PBXResourcesBuildPhase;
			buildActionMask = 2147483647;
			files = (
			);
			runOnlyForDeploymentPostprocessing = 0;
		};
/* End PBXResourcesBuildPhase section */

/* Begin PBXSourcesBuildPhase section */
		72009C432D5BDF0100300769 /* Sources */ = {
			isa = PBXSourcesBuildPhase;
			buildActionMask = 2147483647;
			files = (
			);
			runOnlyForDeploymentPostprocessing = 0;
		};
		72009C532D5BDF0300300769 /* Sources */ = {
			isa = PBXSourcesBuildPhase;
			buildActionMask = 2147483647;
			files = (
			);
			runOnlyForDeploymentPostprocessing = 0;
		};
		72009C5D2D5BDF0300300769 /* Sources */ = {
			isa = PBXSourcesBuildPhase;
			buildActionMask = 2147483647;
			files = (
			);
			runOnlyForDeploymentPostprocessing = 0;
		};
/* End PBXSourcesBuildPhase section */

/* Begin PBXTargetDependency section */
		72009C592D5BDF0300300769 /* PBXTargetDependency */ = {
			isa = PBXTargetDependency;
			target = 72009C462D5BDF0100300769 /* Chintan_Final */;
			targetProxy = 72009C582D5BDF0300300769 /* PBXContainerItemProxy */;
		};
		72009C632D5BDF0300300769 /* PBXTargetDependency */ = {
			isa = PBXTargetDependency;
			target = 72009C462D5BDF0100300769 /* Chintan_Final */;
			targetProxy = 72009C622D5BDF0300300769 /* PBXContainerItemProxy */;
		};
/* End PBXTargetDependency section */

/* Begin XCBuildConfiguration section */
		72009C692D5BDF0300300769 /* Debug */ = {
			isa = XCBuildConfiguration;
			buildSettings = {
				ALWAYS_SEARCH_USER_PATHS = NO;
				ASSETCATALOG_COMPILER_GENERATE_SWIFT_ASSET_SYMBOL_EXTENSIONS = YES;
				CLANG_ANALYZER_NONNULL = YES;
				CLANG_ANALYZER_NUMBER_OBJECT_CONVERSION = YES_AGGRESSIVE;
				CLANG_CXX_LANGUAGE_STANDARD = "gnu++20";
				CLANG_ENABLE_MODULES = YES;
				CLANG_ENABLE_OBJC_ARC = YES;
				CLANG_ENABLE_OBJC_WEAK = YES;
				CLANG_WARN_BLOCK_CAPTURE_AUTORELEASING = YES;
				CLANG_WARN_BOOL_CONVERSION = YES;
				CLANG_WARN_COMMA = YES;
				CLANG_WARN_CONSTANT_CONVERSION = YES;
				CLANG_WARN_DEPRECATED_OBJC_IMPLEMENTATIONS = YES;
				CLANG_WARN_DIRECT_OBJC_ISA_USAGE = YES_ERROR;
				CLANG_WARN_DOCUMENTATION_COMMENTS = YES;
				CLANG_WARN_EMPTY_BODY = YES;
				CLANG_WARN_ENUM_CONVERSION = YES;
				CLANG_WARN_INFINITE_RECURSION = YES;
				CLANG_WARN_INT_CONVERSION = YES;
				CLANG_WARN_NON_LITERAL_NULL_CONVERSION = YES;
				CLANG_WARN_OBJC_IMPLICIT_RETAIN_SELF = YES;
				CLANG_WARN_OBJC_LITERAL_CONVERSION = YES;
				CLANG_WARN_OBJC_ROOT_CLASS = YES_ERROR;
				CLANG_WARN_QUOTED_INCLUDE_IN_FRAMEWORK_HEADER = YES;
				CLANG_WARN_RANGE_LOOP_ANALYSIS = YES;
				CLANG_WARN_STRICT_PROTOTYPES = YES;
				CLANG_WARN_SUSPICIOUS_MOVE = YES;
				CLANG_WARN_UNGUARDED_AVAILABILITY = YES_AGGRESSIVE;
				CLANG_WARN_UNREACHABLE_CODE = YES;
				CLANG_WARN__DUPLICATE_METHOD_MATCH = YES;
				COPY_PHASE_STRIP = NO;
				DEBUG_INFORMATION_FORMAT = dwarf;
				ENABLE_STRICT_OBJC_MSGSEND = YES;
				ENABLE_TESTABILITY = YES;
				ENABLE_USER_SCRIPT_SANDBOXING = YES;
				GCC_C_LANGUAGE_STANDARD = gnu17;
				GCC_DYNAMIC_NO_PIC = NO;
				GCC_NO_COMMON_BLOCKS = YES;
				GCC_OPTIMIZATION_LEVEL = 0;
				GCC_PREPROCESSOR_DEFINITIONS = (
					"DEBUG=1",
					"$(inherited)",
				);
				GCC_WARN_64_TO_32_BIT_CONVERSION = YES;
				GCC_WARN_ABOUT_RETURN_TYPE = YES_ERROR;
				GCC_WARN_UNDECLARED_SELECTOR = YES;
				GCC_WARN_UNINITIALIZED_AUTOS = YES_AGGRESSIVE;
				GCC_WARN_UNUSED_FUNCTION = YES;
				GCC_WARN_UNUSED_VARIABLE = YES;
				IPHONEOS_DEPLOYMENT_TARGET = 18.2;
				LOCALIZATION_PREFERS_STRING_CATALOGS = YES;
				MTL_ENABLE_DEBUG_INFO = INCLUDE_SOURCE;
				MTL_FAST_MATH = YES;
				ONLY_ACTIVE_ARCH = YES;
				SDKROOT = iphoneos;
				SWIFT_ACTIVE_COMPILATION_CONDITIONS = "DEBUG $(inherited)";
				SWIFT_OPTIMIZATION_LEVEL = "-Onone";
			};
			name = Debug;
		};
		72009C6A2D5BDF0300300769 /* Release */ = {
			isa = XCBuildConfiguration;
			buildSettings = {
				ALWAYS_SEARCH_USER_PATHS = NO;
				ASSETCATALOG_COMPILER_GENERATE_SWIFT_ASSET_SYMBOL_EXTENSIONS = YES;
				CLANG_ANALYZER_NONNULL = YES;
				CLANG_ANALYZER_NUMBER_OBJECT_CONVERSION = YES_AGGRESSIVE;
				CLANG_CXX_LANGUAGE_STANDARD = "gnu++20";
				CLANG_ENABLE_MODULES = YES;
				CLANG_ENABLE_OBJC_ARC = YES;
				CLANG_ENABLE_OBJC_WEAK = YES;
				CLANG_WARN_BLOCK_CAPTURE_AUTORELEASING = YES;
				CLANG_WARN_BOOL_CONVERSION = YES;
				CLANG_WARN_COMMA = YES;
				CLANG_WARN_CONSTANT_CONVERSION = YES;
				CLANG_WARN_DEPRECATED_OBJC_IMPLEMENTATIONS = YES;
				CLANG_WARN_DIRECT_OBJC_ISA_USAGE = YES_ERROR;
				CLANG_WARN_DOCUMENTATION_COMMENTS = YES;
				CLANG_WARN_EMPTY_BODY = YES;
				CLANG_WARN_ENUM_CONVERSION = YES;
				CLANG_WARN_INFINITE_RECURSION = YES;
				CLANG_WARN_INT_CONVERSION = YES;
				CLANG_WARN_NON_LITERAL_NULL_CONVERSION = YES;
				CLANG_WARN_OBJC_IMPLICIT_RETAIN_SELF = YES;
				CLANG_WARN_OBJC_LITERAL_CONVERSION = YES;
				CLANG_WARN_OBJC_ROOT_CLASS = YES_ERROR;
				CLANG_WARN_QUOTED_INCLUDE_IN_FRAMEWORK_HEADER = YES;
				CLANG_WARN_RANGE_LOOP_ANALYSIS = YES;
				CLANG_WARN_STRICT_PROTOTYPES = YES;
				CLANG_WARN_SUSPICIOUS_MOVE = YES;
				CLANG_WARN_UNGUARDED_AVAILABILITY = YES_AGGRESSIVE;
				CLANG_WARN_UNREACHABLE_CODE = YES;
				CLANG_WARN__DUPLICATE_METHOD_MATCH = YES;
				COPY_PHASE_STRIP = NO;
				DEBUG_INFORMATION_FORMAT = "dwarf-with-dsym";
				ENABLE_NS_ASSERTIONS = NO;
				ENABLE_STRICT_OBJC_MSGSEND = YES;
				ENABLE_USER_SCRIPT_SANDBOXING = YES;
				GCC_C_LANGUAGE_STANDARD = gnu17;
				GCC_NO_COMMON_BLOCKS = YES;
				GCC_WARN_64_TO_32_BIT_CONVERSION = YES;
				GCC_WARN_ABOUT_RETURN_TYPE = YES_ERROR;
				GCC_WARN_UNDECLARED_SELECTOR = YES;
				GCC_WARN_UNINITIALIZED_AUTOS = YES_AGGRESSIVE;
				GCC_WARN_UNUSED_FUNCTION = YES;
				GCC_WARN_UNUSED_VARIABLE = YES;
				IPHONEOS_DEPLOYMENT_TARGET = 18.2;
				LOCALIZATION_PREFERS_STRING_CATALOGS = YES;
				MTL_ENABLE_DEBUG_INFO = NO;
				MTL_FAST_MATH = YES;
				SDKROOT = iphoneos;
				SWIFT_COMPILATION_MODE = wholemodule;
				VALIDATE_PRODUCT = YES;
			};
			name = Release;
		};
		72009C6C2D5BDF0300300769 /* Debug */ = {
			isa = XCBuildConfiguration;
			buildSettings = {
				ASSETCATALOG_COMPILER_APPICON_NAME = AppIcon;
				ASSETCATALOG_COMPILER_GLOBAL_ACCENT_COLOR_NAME = AccentColor;
				CODE_SIGN_STYLE = Automatic;
				CURRENT_PROJECT_VERSION = 1;
				DEVELOPMENT_ASSET_PATHS = "\"Chintan_Final/Preview Content\"";
				DEVELOPMENT_TEAM = RQH35CH893;
				ENABLE_PREVIEWS = YES;
				GENERATE_INFOPLIST_FILE = YES;
				INFOPLIST_KEY_UIApplicationSceneManifest_Generation = YES;
				INFOPLIST_KEY_UIApplicationSupportsIndirectInputEvents = YES;
				INFOPLIST_KEY_UILaunchScreen_Generation = YES;
				INFOPLIST_KEY_UISupportedInterfaceOrientations_iPad = "UIInterfaceOrientationPortrait UIInterfaceOrientationPortraitUpsideDown UIInterfaceOrientationLandscapeLeft UIInterfaceOrientationLandscapeRight";
				INFOPLIST_KEY_UISupportedInterfaceOrientations_iPhone = "UIInterfaceOrientationPortrait UIInterfaceOrientationLandscapeLeft UIInterfaceOrientationLandscapeRight";
				LD_RUNPATH_SEARCH_PATHS = (
					"$(inherited)",
					"@executable_path/Frameworks",
				);
				MARKETING_VERSION = 1.0;
				PRODUCT_BUNDLE_IDENTIFIER = "com.codingpirates.Chintan-Final";
				PRODUCT_NAME = "$(TARGET_NAME)";
				SWIFT_EMIT_LOC_STRINGS = YES;
				SWIFT_VERSION = 5.0;
				TARGETED_DEVICE_FAMILY = "1,2";
			};
			name = Debug;
		};
		72009C6D2D5BDF0300300769 /* Release */ = {
			isa = XCBuildConfiguration;
			buildSettings = {
				ASSETCATALOG_COMPILER_APPICON_NAME = AppIcon;
				ASSETCATALOG_COMPILER_GLOBAL_ACCENT_COLOR_NAME = AccentColor;
				CODE_SIGN_STYLE = Automatic;
				CURRENT_PROJECT_VERSION = 1;
				DEVELOPMENT_ASSET_PATHS = "\"Chintan_Final/Preview Content\"";
				DEVELOPMENT_TEAM = K7RZ34DWG5;
				ENABLE_PREVIEWS = YES;
				GENERATE_INFOPLIST_FILE = YES;
				INFOPLIST_KEY_UIApplicationSceneManifest_Generation = YES;
				INFOPLIST_KEY_UIApplicationSupportsIndirectInputEvents = YES;
				INFOPLIST_KEY_UILaunchScreen_Generation = YES;
				INFOPLIST_KEY_UISupportedInterfaceOrientations_iPad = "UIInterfaceOrientationPortrait UIInterfaceOrientationPortraitUpsideDown UIInterfaceOrientationLandscapeLeft UIInterfaceOrientationLandscapeRight";
				INFOPLIST_KEY_UISupportedInterfaceOrientations_iPhone = "UIInterfaceOrientationPortrait UIInterfaceOrientationLandscapeLeft UIInterfaceOrientationLandscapeRight";
				LD_RUNPATH_SEARCH_PATHS = (
					"$(inherited)",
					"@executable_path/Frameworks",
				);
				MARKETING_VERSION = 1.0;
				PRODUCT_BUNDLE_IDENTIFIER = "com.codingpirates.Chintan-Final";
				PRODUCT_NAME = "$(TARGET_NAME)";
				SWIFT_EMIT_LOC_STRINGS = YES;
				SWIFT_VERSION = 5.0;
				TARGETED_DEVICE_FAMILY = "1,2";
			};
			name = Release;
		};
		72009C6F2D5BDF0300300769 /* Debug */ = {
			isa = XCBuildConfiguration;
			buildSettings = {
				BUNDLE_LOADER = "$(TEST_HOST)";
				CODE_SIGN_STYLE = Automatic;
				CURRENT_PROJECT_VERSION = 1;
				DEVELOPMENT_TEAM = K7RZ34DWG5;
				GENERATE_INFOPLIST_FILE = YES;
				IPHONEOS_DEPLOYMENT_TARGET = 18.2;
				MARKETING_VERSION = 1.0;
				PRODUCT_BUNDLE_IDENTIFIER = "com.codingpirates.Chintan-FinalTests";
				PRODUCT_NAME = "$(TARGET_NAME)";
				SWIFT_EMIT_LOC_STRINGS = NO;
				SWIFT_VERSION = 5.0;
				TARGETED_DEVICE_FAMILY = "1,2";
				TEST_HOST = "$(BUILT_PRODUCTS_DIR)/Chintan_Final.app/$(BUNDLE_EXECUTABLE_FOLDER_PATH)/Chintan_Final";
			};
			name = Debug;
		};
		72009C702D5BDF0300300769 /* Release */ = {
			isa = XCBuildConfiguration;
			buildSettings = {
				BUNDLE_LOADER = "$(TEST_HOST)";
				CODE_SIGN_STYLE = Automatic;
				CURRENT_PROJECT_VERSION = 1;
				DEVELOPMENT_TEAM = K7RZ34DWG5;
				GENERATE_INFOPLIST_FILE = YES;
				IPHONEOS_DEPLOYMENT_TARGET = 18.2;
				MARKETING_VERSION = 1.0;
				PRODUCT_BUNDLE_IDENTIFIER = "com.codingpirates.Chintan-FinalTests";
				PRODUCT_NAME = "$(TARGET_NAME)";
				SWIFT_EMIT_LOC_STRINGS = NO;
				SWIFT_VERSION = 5.0;
				TARGETED_DEVICE_FAMILY = "1,2";
				TEST_HOST = "$(BUILT_PRODUCTS_DIR)/Chintan_Final.app/$(BUNDLE_EXECUTABLE_FOLDER_PATH)/Chintan_Final";
			};
			name = Release;
		};
		72009C722D5BDF0300300769 /* Debug */ = {
			isa = XCBuildConfiguration;
			buildSettings = {
				CODE_SIGN_STYLE = Automatic;
				CURRENT_PROJECT_VERSION = 1;
				DEVELOPMENT_TEAM = K7RZ34DWG5;
				GENERATE_INFOPLIST_FILE = YES;
				MARKETING_VERSION = 1.0;
				PRODUCT_BUNDLE_IDENTIFIER = "com.codingpirates.Chintan-FinalUITests";
				PRODUCT_NAME = "$(TARGET_NAME)";
				SWIFT_EMIT_LOC_STRINGS = NO;
				SWIFT_VERSION = 5.0;
				TARGETED_DEVICE_FAMILY = "1,2";
				TEST_TARGET_NAME = Chintan_Final;
			};
			name = Debug;
		};
		72009C732D5BDF0300300769 /* Release */ = {
			isa = XCBuildConfiguration;
			buildSettings = {
				CODE_SIGN_STYLE = Automatic;
				CURRENT_PROJECT_VERSION = 1;
				DEVELOPMENT_TEAM = K7RZ34DWG5;
				GENERATE_INFOPLIST_FILE = YES;
				MARKETING_VERSION = 1.0;
				PRODUCT_BUNDLE_IDENTIFIER = "com.codingpirates.Chintan-FinalUITests";
				PRODUCT_NAME = "$(TARGET_NAME)";
				SWIFT_EMIT_LOC_STRINGS = NO;
				SWIFT_VERSION = 5.0;
				TARGETED_DEVICE_FAMILY = "1,2";
				TEST_TARGET_NAME = Chintan_Final;
			};
			name = Release;
		};
/* End XCBuildConfiguration section */

/* Begin XCConfigurationList section */
		72009C422D5BDF0100300769 /* Build configuration list for PBXProject "Chintan_Final" */ = {
			isa = XCConfigurationList;
			buildConfigurations = (
				72009C692D5BDF0300300769 /* Debug */,
				72009C6A2D5BDF0300300769 /* Release */,
			);
			defaultConfigurationIsVisible = 0;
			defaultConfigurationName = Release;
		};
		72009C6B2D5BDF0300300769 /* Build configuration list for PBXNativeTarget "Chintan_Final" */ = {
			isa = XCConfigurationList;
			buildConfigurations = (
				72009C6C2D5BDF0300300769 /* Debug */,
				72009C6D2D5BDF0300300769 /* Release */,
			);
			defaultConfigurationIsVisible = 0;
			defaultConfigurationName = Release;
		};
		72009C6E2D5BDF0300300769 /* Build configuration list for PBXNativeTarget "Chintan_FinalTests" */ = {
			isa = XCConfigurationList;
			buildConfigurations = (
				72009C6F2D5BDF0300300769 /* Debug */,
				72009C702D5BDF0300300769 /* Release */,
			);
			defaultConfigurationIsVisible = 0;
			defaultConfigurationName = Release;
		};
		72009C712D5BDF0300300769 /* Build configuration list for PBXNativeTarget "Chintan_FinalUITests" */ = {
			isa = XCConfigurationList;
			buildConfigurations = (
				72009C722D5BDF0300300769 /* Debug */,
				72009C732D5BDF0300300769 /* Release */,
			);
			defaultConfigurationIsVisible = 0;
			defaultConfigurationName = Release;
		};
/* End XCConfigurationList section */
	};
	rootObject = 72009C3F2D5BDF0100300769 /* Project object */;
}
